// !$*UTF8*$!
{
	archiveVersion = 1;
	classes = {
	};
	objectVersion = 46;
	objects = {

/* Begin PBXBuildFile section */
		8C32FB121D54FFF5009B06E3 /* AppDelegate.swift in Sources */ = {isa = PBXBuildFile; fileRef = 8C32FB111D54FFF5009B06E3 /* AppDelegate.swift */; };
		8C32FB141D54FFF5009B06E3 /* ViewController.swift in Sources */ = {isa = PBXBuildFile; fileRef = 8C32FB131D54FFF5009B06E3 /* ViewController.swift */; };
		8C32FB171D54FFF5009B06E3 /* Main.storyboard in Resources */ = {isa = PBXBuildFile; fileRef = 8C32FB151D54FFF5009B06E3 /* Main.storyboard */; };
		8C32FB191D54FFF5009B06E3 /* Assets.xcassets in Resources */ = {isa = PBXBuildFile; fileRef = 8C32FB181D54FFF5009B06E3 /* Assets.xcassets */; };
		8C32FB1C1D54FFF5009B06E3 /* LaunchScreen.storyboard in Resources */ = {isa = PBXBuildFile; fileRef = 8C32FB1A1D54FFF5009B06E3 /* LaunchScreen.storyboard */; };
		8C32FB271D54FFF5009B06E3 /* GiraffeTableTests.swift in Sources */ = {isa = PBXBuildFile; fileRef = 8C32FB261D54FFF5009B06E3 /* GiraffeTableTests.swift */; };
		8C32FB321D54FFF5009B06E3 /* GiraffeTableUITests.swift in Sources */ = {isa = PBXBuildFile; fileRef = 8C32FB311D54FFF5009B06E3 /* GiraffeTableUITests.swift */; };
/* End PBXBuildFile section */

/* Begin PBXContainerItemProxy section */
		8C32FB231D54FFF5009B06E3 /* PBXContainerItemProxy */ = {
			isa = PBXContainerItemProxy;
			containerPortal = 8C32FB061D54FFF5009B06E3 /* Project object */;
			proxyType = 1;
			remoteGlobalIDString = 8C32FB0D1D54FFF5009B06E3;
			remoteInfo = GiraffeTable;
		};
		8C32FB2E1D54FFF5009B06E3 /* PBXContainerItemProxy */ = {
			isa = PBXContainerItemProxy;
			containerPortal = 8C32FB061D54FFF5009B06E3 /* Project object */;
			proxyType = 1;
			remoteGlobalIDString = 8C32FB0D1D54FFF5009B06E3;
			remoteInfo = GiraffeTable;
		};
/* End PBXContainerItemProxy section */

/* Begin PBXFileReference section */
		8C32FB0E1D54FFF5009B06E3 /* GiraffeTable.app */ = {isa = PBXFileReference; explicitFileType = wrapper.application; includeInIndex = 0; path = GiraffeTable.app; sourceTree = BUILT_PRODUCTS_DIR; };
		8C32FB111D54FFF5009B06E3 /* AppDelegate.swift */ = {isa = PBXFileReference; lastKnownFileType = sourcecode.swift; path = AppDelegate.swift; sourceTree = "<group>"; };
		8C32FB131D54FFF5009B06E3 /* ViewController.swift */ = {isa = PBXFileReference; lastKnownFileType = sourcecode.swift; path = ViewController.swift; sourceTree = "<group>"; };
		8C32FB161D54FFF5009B06E3 /* Base */ = {isa = PBXFileReference; lastKnownFileType = file.storyboard; name = Base; path = Base.lproj/Main.storyboard; sourceTree = "<group>"; };
		8C32FB181D54FFF5009B06E3 /* Assets.xcassets */ = {isa = PBXFileReference; lastKnownFileType = folder.assetcatalog; path = Assets.xcassets; sourceTree = "<group>"; };
		8C32FB1B1D54FFF5009B06E3 /* Base */ = {isa = PBXFileReference; lastKnownFileType = file.storyboard; name = Base; path = Base.lproj/LaunchScreen.storyboard; sourceTree = "<group>"; };
		8C32FB1D1D54FFF5009B06E3 /* Info.plist */ = {isa = PBXFileReference; lastKnownFileType = text.plist.xml; path = Info.plist; sourceTree = "<group>"; };
		8C32FB221D54FFF5009B06E3 /* GiraffeTableTests.xctest */ = {isa = PBXFileReference; explicitFileType = wrapper.cfbundle; includeInIndex = 0; path = GiraffeTableTests.xctest; sourceTree = BUILT_PRODUCTS_DIR; };
		8C32FB261D54FFF5009B06E3 /* GiraffeTableTests.swift */ = {isa = PBXFileReference; lastKnownFileType = sourcecode.swift; path = GiraffeTableTests.swift; sourceTree = "<group>"; };
		8C32FB281D54FFF5009B06E3 /* Info.plist */ = {isa = PBXFileReference; lastKnownFileType = text.plist.xml; path = Info.plist; sourceTree = "<group>"; };
		8C32FB2D1D54FFF5009B06E3 /* GiraffeTableUITests.xctest */ = {isa = PBXFileReference; explicitFileType = wrapper.cfbundle; includeInIndex = 0; path = GiraffeTableUITests.xctest; sourceTree = BUILT_PRODUCTS_DIR; };
		8C32FB311D54FFF5009B06E3 /* GiraffeTableUITests.swift */ = {isa = PBXFileReference; lastKnownFileType = sourcecode.swift; path = GiraffeTableUITests.swift; sourceTree = "<group>"; };
		8C32FB331D54FFF6009B06E3 /* Info.plist */ = {isa = PBXFileReference; lastKnownFileType = text.plist.xml; path = Info.plist; sourceTree = "<group>"; };
/* End PBXFileReference section */

/* Begin PBXFrameworksBuildPhase section */
		8C32FB0B1D54FFF5009B06E3 /* Frameworks */ = {
			isa = PBXFrameworksBuildPhase;
			buildActionMask = 2147483647;
			files = (
			);
			runOnlyForDeploymentPostprocessing = 0;
		};
		8C32FB1F1D54FFF5009B06E3 /* Frameworks */ = {
			isa = PBXFrameworksBuildPhase;
			buildActionMask = 2147483647;
			files = (
			);
			runOnlyForDeploymentPostprocessing = 0;
		};
		8C32FB2A1D54FFF5009B06E3 /* Frameworks */ = {
			isa = PBXFrameworksBuildPhase;
			buildActionMask = 2147483647;
			files = (
			);
			runOnlyForDeploymentPostprocessing = 0;
		};
/* End PBXFrameworksBuildPhase section */

/* Begin PBXGroup section */
		8C32FB051D54FFF5009B06E3 = {
			isa = PBXGroup;
			children = (
				8C32FB101D54FFF5009B06E3 /* GiraffeTable */,
				8C32FB251D54FFF5009B06E3 /* GiraffeTableTests */,
				8C32FB301D54FFF5009B06E3 /* GiraffeTableUITests */,
				8C32FB0F1D54FFF5009B06E3 /* Products */,
			);
			sourceTree = "<group>";
		};
		8C32FB0F1D54FFF5009B06E3 /* Products */ = {
			isa = PBXGroup;
			children = (
				8C32FB0E1D54FFF5009B06E3 /* GiraffeTable.app */,
				8C32FB221D54FFF5009B06E3 /* GiraffeTableTests.xctest */,
				8C32FB2D1D54FFF5009B06E3 /* GiraffeTableUITests.xctest */,
			);
			name = Products;
			sourceTree = "<group>";
		};
		8C32FB101D54FFF5009B06E3 /* GiraffeTable */ = {
			isa = PBXGroup;
			children = (
				8C32FB111D54FFF5009B06E3 /* AppDelegate.swift */,
				8C32FB131D54FFF5009B06E3 /* ViewController.swift */,
				8C32FB151D54FFF5009B06E3 /* Main.storyboard */,
				8C32FB181D54FFF5009B06E3 /* Assets.xcassets */,
				8C32FB1A1D54FFF5009B06E3 /* LaunchScreen.storyboard */,
				8C32FB1D1D54FFF5009B06E3 /* Info.plist */,
			);
			path = GiraffeTable;
			sourceTree = "<group>";
		};
		8C32FB251D54FFF5009B06E3 /* GiraffeTableTests */ = {
			isa = PBXGroup;
			children = (
				8C32FB261D54FFF5009B06E3 /* GiraffeTableTests.swift */,
				8C32FB281D54FFF5009B06E3 /* Info.plist */,
			);
			path = GiraffeTableTests;
			sourceTree = "<group>";
		};
		8C32FB301D54FFF5009B06E3 /* GiraffeTableUITests */ = {
			isa = PBXGroup;
			children = (
				8C32FB311D54FFF5009B06E3 /* GiraffeTableUITests.swift */,
				8C32FB331D54FFF6009B06E3 /* Info.plist */,
			);
			path = GiraffeTableUITests;
			sourceTree = "<group>";
		};
/* End PBXGroup section */

/* Begin PBXNativeTarget section */
		8C32FB0D1D54FFF5009B06E3 /* GiraffeTable */ = {
			isa = PBXNativeTarget;
			buildConfigurationList = 8C32FB361D54FFF6009B06E3 /* Build configuration list for PBXNativeTarget "GiraffeTable" */;
			buildPhases = (
				8C32FB0A1D54FFF5009B06E3 /* Sources */,
				8C32FB0B1D54FFF5009B06E3 /* Frameworks */,
				8C32FB0C1D54FFF5009B06E3 /* Resources */,
			);
			buildRules = (
			);
			dependencies = (
			);
			name = GiraffeTable;
			productName = GiraffeTable;
			productReference = 8C32FB0E1D54FFF5009B06E3 /* GiraffeTable.app */;
			productType = "com.apple.product-type.application";
		};
		8C32FB211D54FFF5009B06E3 /* GiraffeTableTests */ = {
			isa = PBXNativeTarget;
			buildConfigurationList = 8C32FB391D54FFF6009B06E3 /* Build configuration list for PBXNativeTarget "GiraffeTableTests" */;
			buildPhases = (
				8C32FB1E1D54FFF5009B06E3 /* Sources */,
				8C32FB1F1D54FFF5009B06E3 /* Frameworks */,
				8C32FB201D54FFF5009B06E3 /* Resources */,
			);
			buildRules = (
			);
			dependencies = (
				8C32FB241D54FFF5009B06E3 /* PBXTargetDependency */,
			);
			name = GiraffeTableTests;
			productName = GiraffeTableTests;
			productReference = 8C32FB221D54FFF5009B06E3 /* GiraffeTableTests.xctest */;
			productType = "com.apple.product-type.bundle.unit-test";
		};
		8C32FB2C1D54FFF5009B06E3 /* GiraffeTableUITests */ = {
			isa = PBXNativeTarget;
			buildConfigurationList = 8C32FB3C1D54FFF6009B06E3 /* Build configuration list for PBXNativeTarget "GiraffeTableUITests" */;
			buildPhases = (
				8C32FB291D54FFF5009B06E3 /* Sources */,
				8C32FB2A1D54FFF5009B06E3 /* Frameworks */,
				8C32FB2B1D54FFF5009B06E3 /* Resources */,
			);
			buildRules = (
			);
			dependencies = (
				8C32FB2F1D54FFF5009B06E3 /* PBXTargetDependency */,
			);
			name = GiraffeTableUITests;
			productName = GiraffeTableUITests;
			productReference = 8C32FB2D1D54FFF5009B06E3 /* GiraffeTableUITests.xctest */;
			productType = "com.apple.product-type.bundle.ui-testing";
		};
/* End PBXNativeTarget section */

/* Begin PBXProject section */
		8C32FB061D54FFF5009B06E3 /* Project object */ = {
			isa = PBXProject;
			attributes = {
				LastSwiftUpdateCheck = 0730;
				LastUpgradeCheck = 0730;
				ORGANIZATIONNAME = "Ollie Haydon-Mulligan";
				TargetAttributes = {
					8C32FB0D1D54FFF5009B06E3 = {
						CreatedOnToolsVersion = 7.3.1;
					};
					8C32FB211D54FFF5009B06E3 = {
						CreatedOnToolsVersion = 7.3.1;
						TestTargetID = 8C32FB0D1D54FFF5009B06E3;
					};
					8C32FB2C1D54FFF5009B06E3 = {
						CreatedOnToolsVersion = 7.3.1;
						TestTargetID = 8C32FB0D1D54FFF5009B06E3;
					};
				};
			};
			buildConfigurationList = 8C32FB091D54FFF5009B06E3 /* Build configuration list for PBXProject "GiraffeTable" */;
			compatibilityVersion = "Xcode 3.2";
			developmentRegion = English;
			hasScannedForEncodings = 0;
			knownRegions = (
				en,
				Base,
			);
			mainGroup = 8C32FB051D54FFF5009B06E3;
			productRefGroup = 8C32FB0F1D54FFF5009B06E3 /* Products */;
			projectDirPath = "";
			projectRoot = "";
			targets = (
				8C32FB0D1D54FFF5009B06E3 /* GiraffeTable */,
				8C32FB211D54FFF5009B06E3 /* GiraffeTableTests */,
				8C32FB2C1D54FFF5009B06E3 /* GiraffeTableUITests */,
			);
		};
/* End PBXProject section */

/* Begin PBXResourcesBuildPhase section */
		8C32FB0C1D54FFF5009B06E3 /* Resources */ = {
			isa = PBXResourcesBuildPhase;
			buildActionMask = 2147483647;
			files = (
				8C32FB1C1D54FFF5009B06E3 /* LaunchScreen.storyboard in Resources */,
				8C32FB191D54FFF5009B06E3 /* Assets.xcassets in Resources */,
				8C32FB171D54FFF5009B06E3 /* Main.storyboard in Resources */,
			);
			runOnlyForDeploymentPostprocessing = 0;
		};
		8C32FB201D54FFF5009B06E3 /* Resources */ = {
			isa = PBXResourcesBuildPhase;
			buildActionMask = 2147483647;
			files = (
			);
			runOnlyForDeploymentPostprocessing = 0;
		};
		8C32FB2B1D54FFF5009B06E3 /* Resources */ = {
			isa = PBXResourcesBuildPhase;
			buildActionMask = 2147483647;
			files = (
			);
			runOnlyForDeploymentPostprocessing = 0;
		};
/* End PBXResourcesBuildPhase section */

/* Begin PBXSourcesBuildPhase section */
		8C32FB0A1D54FFF5009B06E3 /* Sources */ = {
			isa = PBXSourcesBuildPhase;
			buildActionMask = 2147483647;
			files = (
				8C32FB141D54FFF5009B06E3 /* ViewController.swift in Sources */,
				8C32FB121D54FFF5009B06E3 /* AppDelegate.swift in Sources */,
			);
			runOnlyForDeploymentPostprocessing = 0;
		};
		8C32FB1E1D54FFF5009B06E3 /* Sources */ = {
			isa = PBXSourcesBuildPhase;
			buildActionMask = 2147483647;
			files = (
				8C32FB271D54FFF5009B06E3 /* GiraffeTableTests.swift in Sources */,
			);
			runOnlyForDeploymentPostprocessing = 0;
		};
		8C32FB291D54FFF5009B06E3 /* Sources */ = {
			isa = PBXSourcesBuildPhase;
			buildActionMask = 2147483647;
			files = (
				8C32FB321D54FFF5009B06E3 /* GiraffeTableUITests.swift in Sources */,
			);
			runOnlyForDeploymentPostprocessing = 0;
		};
/* End PBXSourcesBuildPhase section */

/* Begin PBXTargetDependency section */
		8C32FB241D54FFF5009B06E3 /* PBXTargetDependency */ = {
			isa = PBXTargetDependency;
			target = 8C32FB0D1D54FFF5009B06E3 /* GiraffeTable */;
			targetProxy = 8C32FB231D54FFF5009B06E3 /* PBXContainerItemProxy */;
		};
		8C32FB2F1D54FFF5009B06E3 /* PBXTargetDependency */ = {
			isa = PBXTargetDependency;
			target = 8C32FB0D1D54FFF5009B06E3 /* GiraffeTable */;
			targetProxy = 8C32FB2E1D54FFF5009B06E3 /* PBXContainerItemProxy */;
		};
/* End PBXTargetDependency section */

/* Begin PBXVariantGroup section */
		8C32FB151D54FFF5009B06E3 /* Main.storyboard */ = {
			isa = PBXVariantGroup;
			children = (
				8C32FB161D54FFF5009B06E3 /* Base */,
			);
			name = Main.storyboard;
			sourceTree = "<group>";
		};
		8C32FB1A1D54FFF5009B06E3 /* LaunchScreen.storyboard */ = {
			isa = PBXVariantGroup;
			children = (
				8C32FB1B1D54FFF5009B06E3 /* Base */,
			);
			name = LaunchScreen.storyboard;
			sourceTree = "<group>";
		};
/* End PBXVariantGroup section */

/* Begin XCBuildConfiguration section */
		8C32FB341D54FFF6009B06E3 /* Debug */ = {
			isa = XCBuildConfiguration;
			buildSettings = {
				ALWAYS_SEARCH_USER_PATHS = NO;
				CLANG_ANALYZER_NONNULL = YES;
				CLANG_CXX_LANGUAGE_STANDARD = "gnu++0x";
				CLANG_CXX_LIBRARY = "libc++";
				CLANG_ENABLE_MODULES = YES;
				CLANG_ENABLE_OBJC_ARC = YES;
				CLANG_WARN_BOOL_CONVERSION = YES;
				CLANG_WARN_CONSTANT_CONVERSION = YES;
				CLANG_WARN_DIRECT_OBJC_ISA_USAGE = YES_ERROR;
				CLANG_WARN_EMPTY_BODY = YES;
				CLANG_WARN_ENUM_CONVERSION = YES;
				CLANG_WARN_INT_CONVERSION = YES;
				CLANG_WARN_OBJC_ROOT_CLASS = YES_ERROR;
				CLANG_WARN_UNREACHABLE_CODE = YES;
				CLANG_WARN__DUPLICATE_METHOD_MATCH = YES;
				"CODE_SIGN_IDENTITY[sdk=iphoneos*]" = "iPhone Developer";
				COPY_PHASE_STRIP = NO;
				DEBUG_INFORMATION_FORMAT = dwarf;
				ENABLE_STRICT_OBJC_MSGSEND = YES;
				ENABLE_TESTABILITY = YES;
				GCC_C_LANGUAGE_STANDARD = gnu99;
				GCC_DYNAMIC_NO_PIC = NO;
				GCC_NO_COMMON_BLOCKS = YES;
				GCC_OPTIMIZATION_LEVEL = 0;
				GCC_PREPROCESSOR_DEFINITIONS = (
					"DEBUG=1",
					"$(inherited)",
				);
				GCC_WARN_64_TO_32_BIT_CONVERSION = YES;
				GCC_WARN_ABOUT_RETURN_TYPE = YES_ERROR;
				GCC_WARN_UNDECLARED_SELECTOR = YES;
				GCC_WARN_UNINITIALIZED_AUTOS = YES_AGGRESSIVE;
				GCC_WARN_UNUSED_FUNCTION = YES;
				GCC_WARN_UNUSED_VARIABLE = YES;
				IPHONEOS_DEPLOYMENT_TARGET = 9.3;
				MTL_ENABLE_DEBUG_INFO = YES;
				ONLY_ACTIVE_ARCH = YES;
				SDKROOT = iphoneos;
				SWIFT_OPTIMIZATION_LEVEL = "-Onone";
				TARGETED_DEVICE_FAMILY = "1,2";
			};
			name = Debug;
		};
		8C32FB351D54FFF6009B06E3 /* Release */ = {
			isa = XCBuildConfiguration;
			buildSettings = {
				ALWAYS_SEARCH_USER_PATHS = NO;
				CLANG_ANALYZER_NONNULL = YES;
				CLANG_CXX_LANGUAGE_STANDARD = "gnu++0x";
				CLANG_CXX_LIBRARY = "libc++";
				CLANG_ENABLE_MODULES = YES;
				CLANG_ENABLE_OBJC_ARC = YES;
				CLANG_WARN_BOOL_CONVERSION = YES;
				CLANG_WARN_CONSTANT_CONVERSION = YES;
				CLANG_WARN_DIRECT_OBJC_ISA_USAGE = YES_ERROR;
				CLANG_WARN_EMPTY_BODY = YES;
				CLANG_WARN_ENUM_CONVERSION = YES;
				CLANG_WARN_INT_CONVERSION = YES;
				CLANG_WARN_OBJC_ROOT_CLASS = YES_ERROR;
				CLANG_WARN_UNREACHABLE_CODE = YES;
				CLANG_WARN__DUPLICATE_METHOD_MATCH = YES;
				"CODE_SIGN_IDENTITY[sdk=iphoneos*]" = "iPhone Developer";
				COPY_PHASE_STRIP = NO;
				DEBUG_INFORMATION_FORMAT = "dwarf-with-dsym";
				ENABLE_NS_ASSERTIONS = NO;
				ENABLE_STRICT_OBJC_MSGSEND = YES;
				GCC_C_LANGUAGE_STANDARD = gnu99;
				GCC_NO_COMMON_BLOCKS = YES;
				GCC_WARN_64_TO_32_BIT_CONVERSION = YES;
				GCC_WARN_ABOUT_RETURN_TYPE = YES_ERROR;
				GCC_WARN_UNDECLARED_SELECTOR = YES;
				GCC_WARN_UNINITIALIZED_AUTOS = YES_AGGRESSIVE;
				GCC_WARN_UNUSED_FUNCTION = YES;
				GCC_WARN_UNUSED_VARIABLE = YES;
				IPHONEOS_DEPLOYMENT_TARGET = 9.3;
				MTL_ENABLE_DEBUG_INFO = NO;
				SDKROOT = iphoneos;
				TARGETED_DEVICE_FAMILY = "1,2";
				VALIDATE_PRODUCT = YES;
			};
			name = Release;
		};
		8C32FB371D54FFF6009B06E3 /* Debug */ = {
			isa = XCBuildConfiguration;
			buildSettings = {
				ASSETCATALOG_COMPILER_APPICON_NAME = AppIcon;
				INFOPLIST_FILE = GiraffeTable/Info.plist;
				LD_RUNPATH_SEARCH_PATHS = "$(inherited) @executable_path/Frameworks";
				PRODUCT_BUNDLE_IDENTIFIER = "com.OllieHaydon-Mulligan.GiraffeTable";
				PRODUCT_NAME = "$(TARGET_NAME)";
			};
			name = Debug;
		};
		8C32FB381D54FFF6009B06E3 /* Release */ = {
			isa = XCBuildConfiguration;
			buildSettings = {
				ASSETCATALOG_COMPILER_APPICON_NAME = AppIcon;
				INFOPLIST_FILE = GiraffeTable/Info.plist;
				LD_RUNPATH_SEARCH_PATHS = "$(inherited) @executable_path/Frameworks";
				PRODUCT_BUNDLE_IDENTIFIER = "com.OllieHaydon-Mulligan.GiraffeTable";
				PRODUCT_NAME = "$(TARGET_NAME)";
			};
			name = Release;
		};
		8C32FB3A1D54FFF6009B06E3 /* Debug */ = {
			isa = XCBuildConfiguration;
			buildSettings = {
				BUNDLE_LOADER = "$(TEST_HOST)";
				INFOPLIST_FILE = GiraffeTableTests/Info.plist;
				LD_RUNPATH_SEARCH_PATHS = "$(inherited) @executable_path/Frameworks @loader_path/Frameworks";
				PRODUCT_BUNDLE_IDENTIFIER = "com.OllieHaydon-Mulligan.GiraffeTableTests";
				PRODUCT_NAME = "$(TARGET_NAME)";
				TEST_HOST = "$(BUILT_PRODUCTS_DIR)/GiraffeTable.app/GiraffeTable";
			};
			name = Debug;
		};
		8C32FB3B1D54FFF6009B06E3 /* Release */ = {
			isa = XCBuildConfiguration;
			buildSettings = {
				BUNDLE_LOADER = "$(TEST_HOST)";
				INFOPLIST_FILE = GiraffeTableTests/Info.plist;
				LD_RUNPATH_SEARCH_PATHS = "$(inherited) @executable_path/Frameworks @loader_path/Frameworks";
				PRODUCT_BUNDLE_IDENTIFIER = "com.OllieHaydon-Mulligan.GiraffeTableTests";
				PRODUCT_NAME = "$(TARGET_NAME)";
				TEST_HOST = "$(BUILT_PRODUCTS_DIR)/GiraffeTable.app/GiraffeTable";
			};
			name = Release;
		};
		8C32FB3D1D54FFF6009B06E3 /* Debug */ = {
			isa = XCBuildConfiguration;
			buildSettings = {
				INFOPLIST_FILE = GiraffeTableUITests/Info.plist;
				LD_RUNPATH_SEARCH_PATHS = "$(inherited) @executable_path/Frameworks @loader_path/Frameworks";
				PRODUCT_BUNDLE_IDENTIFIER = "com.OllieHaydon-Mulligan.GiraffeTableUITests";
				PRODUCT_NAME = "$(TARGET_NAME)";
				TEST_TARGET_NAME = GiraffeTable;
			};
			name = Debug;
		};
		8C32FB3E1D54FFF6009B06E3 /* Release */ = {
			isa = XCBuildConfiguration;
			buildSettings = {
				INFOPLIST_FILE = GiraffeTableUITests/Info.plist;
				LD_RUNPATH_SEARCH_PATHS = "$(inherited) @executable_path/Frameworks @loader_path/Frameworks";
				PRODUCT_BUNDLE_IDENTIFIER = "com.OllieHaydon-Mulligan.GiraffeTableUITests";
				PRODUCT_NAME = "$(TARGET_NAME)";
				TEST_TARGET_NAME = GiraffeTable;
			};
			name = Release;
		};
/* End XCBuildConfiguration section */

/* Begin XCConfigurationList section */
		8C32FB091D54FFF5009B06E3 /* Build configuration list for PBXProject "GiraffeTable" */ = {
			isa = XCConfigurationList;
			buildConfigurations = (
				8C32FB341D54FFF6009B06E3 /* Debug */,
				8C32FB351D54FFF6009B06E3 /* Release */,
			);
			defaultConfigurationIsVisible = 0;
			defaultConfigurationName = Release;
		};
		8C32FB361D54FFF6009B06E3 /* Build configuration list for PBXNativeTarget "GiraffeTable" */ = {
			isa = XCConfigurationList;
			buildConfigurations = (
				8C32FB371D54FFF6009B06E3 /* Debug */,
				8C32FB381D54FFF6009B06E3 /* Release */,
			);
			defaultConfigurationIsVisible = 0;
		};
		8C32FB391D54FFF6009B06E3 /* Build configuration list for PBXNativeTarget "GiraffeTableTests" */ = {
			isa = XCConfigurationList;
			buildConfigurations = (
				8C32FB3A1D54FFF6009B06E3 /* Debug */,
				8C32FB3B1D54FFF6009B06E3 /* Release */,
			);
			defaultConfigurationIsVisible = 0;
		};
		8C32FB3C1D54FFF6009B06E3 /* Build configuration list for PBXNativeTarget "GiraffeTableUITests" */ = {
			isa = XCConfigurationList;
			buildConfigurations = (
				8C32FB3D1D54FFF6009B06E3 /* Debug */,
				8C32FB3E1D54FFF6009B06E3 /* Release */,
			);
			defaultConfigurationIsVisible = 0;
		};
/* End XCConfigurationList section */
	};
	rootObject = 8C32FB061D54FFF5009B06E3 /* Project object */;
}
